<?xml version="1.0" encoding="utf-8"?>
<Project ToolsVersion="4.0" xmlns="http://schemas.microsoft.com/developer/msbuild/2003">
  <ItemGroup>
    <Filter Include="ソース ファイル">
      <UniqueIdentifier>{4FC737F1-C7A5-4376-A066-2A32D752A2FF}</UniqueIdentifier>
      <Extensions>cpp;c;cc;cxx;def;odl;idl;hpj;bat;asm;asmx</Extensions>
    </Filter>
    <Filter Include="リソース ファイル">
      <UniqueIdentifier>{67DA6AB6-F800-4c08-8B7A-83BB121AAD01}</UniqueIdentifier>
      <Extensions>rc;ico;cur;bmp;dlg;rc2;rct;bin;rgs;gif;jpg;jpeg;jpe;resx;tiff;tif;png;wav;mfcribbon-ms</Extensions>
    </Filter>
    <Filter Include="クラスライブラリ">
      <UniqueIdentifier>{93995380-89BD-4b04-88EB-625FBE52EBFB}</UniqueIdentifier>
      <Extensions>h;hh;hpp;hxx;hm;inl;inc;xsd</Extensions>
    </Filter>
    <Filter Include="クラスライブラリ\Marker">
      <UniqueIdentifier>{20e7687c-6459-40c4-927c-3908ab0f3e2d}</UniqueIdentifier>
    </Filter>
    <Filter Include="クラスライブラリ\ImageSequence">
      <UniqueIdentifier>{5cbb5c5d-d111-4150-8aa0-06130c78175e}</UniqueIdentifier>
    </Filter>
  </ItemGroup>
  <ItemGroup>
    <ClCompile Include="Main.cpp">
      <Filter>ソース ファイル</Filter>
    </ClCompile>
    <ClCompile Include="src\class_image_sequence\class_image_sequence.cpp">
      <Filter>クラスライブラリ\ImageSequence</Filter>
    </ClCompile>
  </ItemGroup>
  <ItemGroup>
    <ClInclude Include="src\class_image_sequence\image_sequence.h">
      <Filter>クラスライブラリ\ImageSequence</Filter>
    </ClInclude>
    <ClInclude Include="src\class_marker\marker.h">
      <Filter>クラスライブラリ\Marker</Filter>
    </ClInclude>
  </ItemGroup>
  <ItemGroup>
    <Text Include="isfファイルについて_ImageSequence.txt">
      <Filter>クラスライブラリ\ImageSequence</Filter>
    </Text>
  </ItemGroup>
</Project>